
Microsoft Visual Studio Solution File, Format Version 12.00
# Visual Studio Version 16
VisualStudioVersion = 16.0.33423.256
MinimumVisualStudioVersion = 10.0.40219.1
Project("{FAE04EC0-301F-11D3-BF4B-00C04F79EFBC}") = "Seasons", "Seasons\Seasons.csproj", "{8D88349B-AADC-4CB9-BE57-5ABE4FB7D93E}"
EndProject
Global
	GlobalSection(SolutionConfigurationPlatforms) = preSolution
		Debug|Any CPU = Debug|Any CPU
		Release|Any CPU = Release|Any CPU
	EndGlobalSection
	GlobalSection(ProjectConfigurationPlatforms) = postSolution
		{8D88349B-AADC-4CB9-BE57-5ABE4FB7D93E}.Debug|Any CPU.ActiveCfg = Debug|Any CPU
		{8D88349B-AADC-4CB9-BE57-5ABE4FB7D93E}.Debug|Any CPU.Build.0 = Debug|Any CPU
		{8D88349B-AADC-4CB9-BE57-5ABE4FB7D93E}.Release|Any CPU.ActiveCfg = Release|Any CPU
		{8D88349B-AADC-4CB9-BE57-5ABE4FB7D93E}.Release|Any CPU.Build.0 = Release|Any CPU
	EndGlobalSection
	GlobalSection(SolutionProperties) = preSolution
		HideSolutionNode = FALSE
	EndGlobalSection
	GlobalSection(ExtensibilityGlobals) = postSolution
		SolutionGuid = {25732A70-C739-4B28-830C-4337E0D07777}
	EndGlobalSection
EndGlobal
